// !$*UTF8*$!
{
	archiveVersion = 1;
	classes = {
	};
	objectVersion = 55;
	objects = {

/* Begin PBXBuildFile section */
		A500B379279871D2005D749C /* FriendsViewCell.swift in Sources */ = {isa = PBXBuildFile; fileRef = A500B378279871D2005D749C /* FriendsViewCell.swift */; };
		A500B37D27988D8E005D749C /* FriendsResponse.swift in Sources */ = {isa = PBXBuildFile; fileRef = A500B37C27988D8E005D749C /* FriendsResponse.swift */; };
		A500B37F27988DB3005D749C /* FriendsRequestParams.swift in Sources */ = {isa = PBXBuildFile; fileRef = A500B37E27988DB3005D749C /* FriendsRequestParams.swift */; };
		A50818EB2788C9B400144AB9 /* TopRecordingView.swift in Sources */ = {isa = PBXBuildFile; fileRef = A50818EA2788C9B300144AB9 /* TopRecordingView.swift */; };
		A50818ED2788CC2C00144AB9 /* TopRecordingModel.swift in Sources */ = {isa = PBXBuildFile; fileRef = A50818EC2788CC2C00144AB9 /* TopRecordingModel.swift */; };
		A5167D7D27A561EB00B19B1F /* PhotosGalleryProfileTableViewController.swift in Sources */ = {isa = PBXBuildFile; fileRef = A5167D7C27A561EB00B19B1F /* PhotosGalleryProfileTableViewController.swift */; };
		A5167D8027A5626800B19B1F /* AlbumsViewCell.swift in Sources */ = {isa = PBXBuildFile; fileRef = A5167D7F27A5626800B19B1F /* AlbumsViewCell.swift */; };
		A5167D8427A565C800B19B1F /* StaticSizesUniversalViews.swift in Sources */ = {isa = PBXBuildFile; fileRef = A5167D8327A565C800B19B1F /* StaticSizesUniversalViews.swift */; };
		A524F2A027A56BC10058F74A /* HeaderCell.swift in Sources */ = {isa = PBXBuildFile; fileRef = A524F29F27A56BC10058F74A /* HeaderCell.swift */; };
		A524F2A227A571C00058F74A /* AlbumViewCell.swift in Sources */ = {isa = PBXBuildFile; fileRef = A524F2A127A571C00058F74A /* AlbumViewCell.swift */; };
		A524F2A527A581CC0058F74A /* PhotosGalleryProfileViewModel.swift in Sources */ = {isa = PBXBuildFile; fileRef = A524F2A427A581CC0058F74A /* PhotosGalleryProfileViewModel.swift */; };
		A524F2A827A5878D0058F74A /* PhotosGalleryProfileModel.swift in Sources */ = {isa = PBXBuildFile; fileRef = A524F2A727A5878D0058F74A /* PhotosGalleryProfileModel.swift */; };
		A524F2AA27A5EC110058F74A /* PhotosViewCell.swift in Sources */ = {isa = PBXBuildFile; fileRef = A524F2A927A5EC110058F74A /* PhotosViewCell.swift */; };
		A524F2AC27A5EE3E0058F74A /* PhotoViewCell.swift in Sources */ = {isa = PBXBuildFile; fileRef = A524F2AB27A5EE3E0058F74A /* PhotoViewCell.swift */; };
		A5387A9B2783BD1800FF6930 /* GalleryCollectionView.swift in Sources */ = {isa = PBXBuildFile; fileRef = A5387A9A2783BD1800FF6930 /* GalleryCollectionView.swift */; };
		A5387A9D2783BE1C00FF6930 /* GalleryCollectionViewCell.swift in Sources */ = {isa = PBXBuildFile; fileRef = A5387A9C2783BE1C00FF6930 /* GalleryCollectionViewCell.swift */; };
		A5387A9F2783BFDC00FF6930 /* GalleryModelView.swift in Sources */ = {isa = PBXBuildFile; fileRef = A5387A9E2783BFDC00FF6930 /* GalleryModelView.swift */; };
		A53A0B6F27723EDF00D6BE66 /* NewsFeedRequestParams.swift in Sources */ = {isa = PBXBuildFile; fileRef = A53A0B6E27723EDF00D6BE66 /* NewsFeedRequestParams.swift */; };
		A554021627A4605200AED5F4 /* AlbumsRequestParams.swift in Sources */ = {isa = PBXBuildFile; fileRef = A554021527A4605200AED5F4 /* AlbumsRequestParams.swift */; };
		A56A6B3427A0A16F00B485E1 /* extension + AlertViewController.swift in Sources */ = {isa = PBXBuildFile; fileRef = A56A6B3327A0A16F00B485E1 /* extension + AlertViewController.swift */; };
		A56C7C872768FA0600374BFC /* AppDelegate.swift in Sources */ = {isa = PBXBuildFile; fileRef = A56C7C862768FA0600374BFC /* AppDelegate.swift */; };
		A56C7C892768FA0600374BFC /* SceneDelegate.swift in Sources */ = {isa = PBXBuildFile; fileRef = A56C7C882768FA0600374BFC /* SceneDelegate.swift */; };
		A56C7C902768FA0700374BFC /* Assets.xcassets in Resources */ = {isa = PBXBuildFile; fileRef = A56C7C8F2768FA0700374BFC /* Assets.xcassets */; };
		A56C7C932768FA0700374BFC /* LaunchScreen.storyboard in Resources */ = {isa = PBXBuildFile; fileRef = A56C7C912768FA0700374BFC /* LaunchScreen.storyboard */; };
		A56C7CA2276919FE00374BFC /* VKSdkFramework.xcframework in Frameworks */ = {isa = PBXBuildFile; fileRef = A56C7CA1276919FE00374BFC /* VKSdkFramework.xcframework */; };
		A56C7CA3276919FE00374BFC /* VKSdkFramework.xcframework in Embed Frameworks */ = {isa = PBXBuildFile; fileRef = A56C7CA1276919FE00374BFC /* VKSdkFramework.xcframework */; settings = {ATTRIBUTES = (CodeSignOnCopy, RemoveHeadersOnCopy, ); }; };
		A56C7CA62769233900374BFC /* AuthService.swift in Sources */ = {isa = PBXBuildFile; fileRef = A56C7CA52769233900374BFC /* AuthService.swift */; };
		A5737FC627711C66008B2432 /* NewsFeedViewCell.swift in Sources */ = {isa = PBXBuildFile; fileRef = A5737FC427711C65008B2432 /* NewsFeedViewCell.swift */; };
		A57B333B2794510800F7F3FE /* UserResponse.swift in Sources */ = {isa = PBXBuildFile; fileRef = A57B333A2794510800F7F3FE /* UserResponse.swift */; };
		A57B333D2794592A00F7F3FE /* UserRequestParams.swift in Sources */ = {isa = PBXBuildFile; fileRef = A57B333C2794592A00F7F3FE /* UserRequestParams.swift */; };
		A57B333F2794884200F7F3FE /* DetailInfoButton.swift in Sources */ = {isa = PBXBuildFile; fileRef = A57B333E2794884200F7F3FE /* DetailInfoButton.swift */; };
		A57B33422794AEAF00F7F3FE /* HeaderProfileTableViewCell.swift in Sources */ = {isa = PBXBuildFile; fileRef = A57B33412794AEAF00F7F3FE /* HeaderProfileTableViewCell.swift */; };
		A57B33452794CFC400F7F3FE /* StaticSizesPageProfileCell.swift in Sources */ = {isa = PBXBuildFile; fileRef = A57B33442794CFC400F7F3FE /* StaticSizesPageProfileCell.swift */; };
		A57B33472794D6F100F7F3FE /* BriefUserInfoViewCell.swift in Sources */ = {isa = PBXBuildFile; fileRef = A57B33462794D6F100F7F3FE /* BriefUserInfoViewCell.swift */; };
		A57F2DD7279ED83400595864 /* ClosedTableViewCell.swift in Sources */ = {isa = PBXBuildFile; fileRef = A57F2DD6279ED83400595864 /* ClosedTableViewCell.swift */; };
		A57F2DDA279F117C00595864 /* PhotosResponse.swift in Sources */ = {isa = PBXBuildFile; fileRef = A57F2DD9279F117C00595864 /* PhotosResponse.swift */; };
		A57F2DDC279F134B00595864 /* Photo.swift in Sources */ = {isa = PBXBuildFile; fileRef = A57F2DDB279F134B00595864 /* Photo.swift */; };
		A57F2DDE279F13C800595864 /* PhotosRequestParams.swift in Sources */ = {isa = PBXBuildFile; fileRef = A57F2DDD279F13C800595864 /* PhotosRequestParams.swift */; };
		A57F2DE2279F630700595864 /* FollowerTableViewController.swift in Sources */ = {isa = PBXBuildFile; fileRef = A57F2DE1279F630700595864 /* FollowerTableViewController.swift */; };
		A57F2DE4279F636500595864 /* FollowerTableViewCell.swift in Sources */ = {isa = PBXBuildFile; fileRef = A57F2DE3279F636500595864 /* FollowerTableViewCell.swift */; };
		A57F2DE7279F668200595864 /* FollowerTableModel.swift in Sources */ = {isa = PBXBuildFile; fileRef = A57F2DE6279F668200595864 /* FollowerTableModel.swift */; };
		A57F2DEA279F66C700595864 /* FollowerTableViewModel.swift in Sources */ = {isa = PBXBuildFile; fileRef = A57F2DE9279F66C700595864 /* FollowerTableViewModel.swift */; };
		A58953502786032A00162F40 /* RowLayout.swift in Sources */ = {isa = PBXBuildFile; fileRef = A589534F2786032A00162F40 /* RowLayout.swift */; };
		A58A1A77279A15950041B432 /* Configurator.swift in Sources */ = {isa = PBXBuildFile; fileRef = A58A1A76279A15950041B432 /* Configurator.swift */; };
		A58A1A79279A254C0041B432 /* FriendCollectionViewCell.swift in Sources */ = {isa = PBXBuildFile; fileRef = A58A1A78279A254C0041B432 /* FriendCollectionViewCell.swift */; };
		A58A796D27A17BF700455FDA /* PhotosGalleryProfileViewCell.swift in Sources */ = {isa = PBXBuildFile; fileRef = A58A796C27A17BF700455FDA /* PhotosGalleryProfileViewCell.swift */; };
		A58A797027A1820400455FDA /* PhotoCollectionViewCell.swift in Sources */ = {isa = PBXBuildFile; fileRef = A58A796F27A1820400455FDA /* PhotoCollectionViewCell.swift */; };
		A58A797227A1DC1400455FDA /* AlbumsResponse.swift in Sources */ = {isa = PBXBuildFile; fileRef = A58A797127A1DC1400455FDA /* AlbumsResponse.swift */; };
		A58AB98127933166004A18E1 /* PageProfileViewModel.swift in Sources */ = {isa = PBXBuildFile; fileRef = A58AB98027933166004A18E1 /* PageProfileViewModel.swift */; };
		A58AB983279331CF004A18E1 /* PageProfileViewController.swift in Sources */ = {isa = PBXBuildFile; fileRef = A58AB982279331CF004A18E1 /* PageProfileViewController.swift */; };
		A58AB98527943C0D004A18E1 /* PageProfileModel.swift in Sources */ = {isa = PBXBuildFile; fileRef = A58AB98427943C0D004A18E1 /* PageProfileModel.swift */; };
		A590839F2770DB310016F641 /* NewsFeedResponse.swift in Sources */ = {isa = PBXBuildFile; fileRef = A590839E2770DB310016F641 /* NewsFeedResponse.swift */; };
		A59183E0277F1A85005BE463 /* NewsFeedContentPostView.swift in Sources */ = {isa = PBXBuildFile; fileRef = A59183DF277F1A85005BE463 /* NewsFeedContentPostView.swift */; };
		A59183E2277F2A1E005BE463 /* StaticSizesNewsFeedCell.swift in Sources */ = {isa = PBXBuildFile; fileRef = A59183E1277F2A1E005BE463 /* StaticSizesNewsFeedCell.swift */; };
		A592BDB127D0131D005CB754 /* README.md in Resources */ = {isa = PBXBuildFile; fileRef = A592BDB027D0131D005CB754 /* README.md */; };
		A59A4A0027B7145D00843090 /* DetailInfoProfileViewController.swift in Sources */ = {isa = PBXBuildFile; fileRef = A59A49FF27B7145D00843090 /* DetailInfoProfileViewController.swift */; };
		A59A4A0327B7153400843090 /* StatusDetailInfoProfileViewCell.swift in Sources */ = {isa = PBXBuildFile; fileRef = A59A4A0227B7153400843090 /* StatusDetailInfoProfileViewCell.swift */; };
		A59A4A0527B7188900843090 /* BriefDetailInfoProfileViewCell.swift in Sources */ = {isa = PBXBuildFile; fileRef = A59A4A0427B7188900843090 /* BriefDetailInfoProfileViewCell.swift */; };
		A59A4A0827B72C4D00843090 /* DetailInfoProfileViewModel.swift in Sources */ = {isa = PBXBuildFile; fileRef = A59A4A0727B72C4D00843090 /* DetailInfoProfileViewModel.swift */; };
		A59A4A0B27B72FCD00843090 /* DetailInfoProfileModel.swift in Sources */ = {isa = PBXBuildFile; fileRef = A59A4A0A27B72FCD00843090 /* DetailInfoProfileModel.swift */; };
		A59BF08C276A26F40004F343 /* NewsFeedViewController.swift in Sources */ = {isa = PBXBuildFile; fileRef = A59BF08B276A26F40004F343 /* NewsFeedViewController.swift */; };
		A59BF08E276A286C0004F343 /* NewsFeedViewModel.swift in Sources */ = {isa = PBXBuildFile; fileRef = A59BF08D276A286C0004F343 /* NewsFeedViewModel.swift */; };
		A59BF093276A301F0004F343 /* AuthViewController.swift in Sources */ = {isa = PBXBuildFile; fileRef = A59BF092276A301F0004F343 /* AuthViewController.swift */; };
		A59BF095276A52390004F343 /* API.swift in Sources */ = {isa = PBXBuildFile; fileRef = A59BF094276A52390004F343 /* API.swift */; };
		A59BF09A276A534D0004F343 /* APIManager.swift in Sources */ = {isa = PBXBuildFile; fileRef = A59BF099276A534D0004F343 /* APIManager.swift */; };
		A59CF92027C43D1400E584F0 /* BasicInfoDetailInfoProfileViewCell.swift in Sources */ = {isa = PBXBuildFile; fileRef = A59CF91F27C43D1400E584F0 /* BasicInfoDetailInfoProfileViewCell.swift */; };
		A59CF92227C440C900E584F0 /* BasicInfoView.swift in Sources */ = {isa = PBXBuildFile; fileRef = A59CF92127C440C900E584F0 /* BasicInfoView.swift */; };
		A59D3F24277360D9007D1AA4 /* ElementBottomView.swift in Sources */ = {isa = PBXBuildFile; fileRef = A59D3F23277360D8007D1AA4 /* ElementBottomView.swift */; };
		A5C73176279C9B830029E080 /* NetworkDataFetсher.swift in Sources */ = {isa = PBXBuildFile; fileRef = A5C73175279C9B830029E080 /* NetworkDataFetсher.swift */; };
		A5C73179279CB0650029E080 /* ErrorResponse.swift in Sources */ = {isa = PBXBuildFile; fileRef = A5C73178279CB0650029E080 /* ErrorResponse.swift */; };
		A5C7931D277392B90057922A /* extension + String.swift in Sources */ = {isa = PBXBuildFile; fileRef = A5C7931C277392B90057922A /* extension + String.swift */; };
		A5C7931F277399140057922A /* NewsFeedModel.swift in Sources */ = {isa = PBXBuildFile; fileRef = A5C7931E277399140057922A /* NewsFeedModel.swift */; };
		A5D3B6F427B6C3DE00267948 /* Error.swift in Sources */ = {isa = PBXBuildFile; fileRef = A5D3B6F327B6C3DE00267948 /* Error.swift */; };
		A5D3F3EE279B0045004B96B3 /* FriendsTableTableViewController.swift in Sources */ = {isa = PBXBuildFile; fileRef = A5D3F3ED279B0045004B96B3 /* FriendsTableTableViewController.swift */; };
		A5D3F3F1279B0081004B96B3 /* FriendsTableViewModel.swift in Sources */ = {isa = PBXBuildFile; fileRef = A5D3F3F0279B0081004B96B3 /* FriendsTableViewModel.swift */; };
		A5D3F3F5279B0BBB004B96B3 /* FriendTableViewCell.swift in Sources */ = {isa = PBXBuildFile; fileRef = A5D3F3F4279B0BBB004B96B3 /* FriendTableViewCell.swift */; };
		A5D3F3F8279B1500004B96B3 /* FriendsTableModel.swift in Sources */ = {isa = PBXBuildFile; fileRef = A5D3F3F7279B1500004B96B3 /* FriendsTableModel.swift */; };
		A5D3F3FA279B5980004B96B3 /* OnlineImageView.swift in Sources */ = {isa = PBXBuildFile; fileRef = A5D3F3F9279B5980004B96B3 /* OnlineImageView.swift */; };
		A5D4AB88278EE9DC0045E333 /* DetailGalleryPhotosViewController.swift in Sources */ = {isa = PBXBuildFile; fileRef = A5D4AB87278EE9DC0045E333 /* DetailGalleryPhotosViewController.swift */; };
		A5D4AB8A278EEAA40045E333 /* DetailPhotoViewController.swift in Sources */ = {isa = PBXBuildFile; fileRef = A5D4AB89278EEAA40045E333 /* DetailPhotoViewController.swift */; };
		A5D4AB8D278EF5DB0045E333 /* DetailGalleryPhotosViewModel.swift in Sources */ = {isa = PBXBuildFile; fileRef = A5D4AB8C278EF5DB0045E333 /* DetailGalleryPhotosViewModel.swift */; };
		A5D4AB90278F01630045E333 /* DetailPhotoModel.swift in Sources */ = {isa = PBXBuildFile; fileRef = A5D4AB8F278F01630045E333 /* DetailPhotoModel.swift */; };
		A5E53B42277BA632005458F6 /* FeedCellCalculatorContentView.swift in Sources */ = {isa = PBXBuildFile; fileRef = A5E53B41277BA632005458F6 /* FeedCellCalculatorContentView.swift */; };
		A5E578EB27B4780B006D2DC6 /* LikesBottomView.swift in Sources */ = {isa = PBXBuildFile; fileRef = A5E578EA27B4780B006D2DC6 /* LikesBottomView.swift */; };
		A5E95AF4277CF70600454BEB /* WebImageView.swift in Sources */ = {isa = PBXBuildFile; fileRef = A5E95AF3277CF70600454BEB /* WebImageView.swift */; };
		A5EA901327AA8E3A00ACCA2A /* extension + UIView.swift in Sources */ = {isa = PBXBuildFile; fileRef = A5EA901227AA8E3A00ACCA2A /* extension + UIView.swift */; };
		A5EA901527AAA87C00ACCA2A /* RequestParamsProtocol.swift in Sources */ = {isa = PBXBuildFile; fileRef = A5EA901427AAA87C00ACCA2A /* RequestParamsProtocol.swift */; };
		A5F57D8C27B32A6600932C82 /* LikesRequestParams.swift in Sources */ = {isa = PBXBuildFile; fileRef = A5F57D8B27B32A6600932C82 /* LikesRequestParams.swift */; };
		A5F57D8F27B32D0B00932C82 /* LikesResponse.swift in Sources */ = {isa = PBXBuildFile; fileRef = A5F57D8E27B32D0B00932C82 /* LikesResponse.swift */; };
/* End PBXBuildFile section */

/* Begin PBXCopyFilesBuildPhase section */
		A56C7CA4276919FF00374BFC /* Embed Frameworks */ = {
			isa = PBXCopyFilesBuildPhase;
			buildActionMask = 2147483647;
			dstPath = "";
			dstSubfolderSpec = 10;
			files = (
				A56C7CA3276919FE00374BFC /* VKSdkFramework.xcframework in Embed Frameworks */,
			);
			name = "Embed Frameworks";
			runOnlyForDeploymentPostprocessing = 0;
		};
/* End PBXCopyFilesBuildPhase section */

/* Begin PBXFileReference section */
		A500B378279871D2005D749C /* FriendsViewCell.swift */ = {isa = PBXFileReference; lastKnownFileType = sourcecode.swift; path = FriendsViewCell.swift; sourceTree = "<group>"; };
		A500B37C27988D8E005D749C /* FriendsResponse.swift */ = {isa = PBXFileReference; lastKnownFileType = sourcecode.swift; path = FriendsResponse.swift; sourceTree = "<group>"; };
		A500B37E27988DB3005D749C /* FriendsRequestParams.swift */ = {isa = PBXFileReference; lastKnownFileType = sourcecode.swift; path = FriendsRequestParams.swift; sourceTree = "<group>"; };
		A50818EA2788C9B300144AB9 /* TopRecordingView.swift */ = {isa = PBXFileReference; lastKnownFileType = sourcecode.swift; path = TopRecordingView.swift; sourceTree = "<group>"; };
		A50818EC2788CC2C00144AB9 /* TopRecordingModel.swift */ = {isa = PBXFileReference; lastKnownFileType = sourcecode.swift; path = TopRecordingModel.swift; sourceTree = "<group>"; };
		A5167D7C27A561EB00B19B1F /* PhotosGalleryProfileTableViewController.swift */ = {isa = PBXFileReference; lastKnownFileType = sourcecode.swift; path = PhotosGalleryProfileTableViewController.swift; sourceTree = "<group>"; };
		A5167D7F27A5626800B19B1F /* AlbumsViewCell.swift */ = {isa = PBXFileReference; lastKnownFileType = sourcecode.swift; path = AlbumsViewCell.swift; sourceTree = "<group>"; };
		A5167D8327A565C800B19B1F /* StaticSizesUniversalViews.swift */ = {isa = PBXFileReference; lastKnownFileType = sourcecode.swift; path = StaticSizesUniversalViews.swift; sourceTree = "<group>"; };
		A524F29F27A56BC10058F74A /* HeaderCell.swift */ = {isa = PBXFileReference; lastKnownFileType = sourcecode.swift; path = HeaderCell.swift; sourceTree = "<group>"; };
		A524F2A127A571C00058F74A /* AlbumViewCell.swift */ = {isa = PBXFileReference; lastKnownFileType = sourcecode.swift; path = AlbumViewCell.swift; sourceTree = "<group>"; };
		A524F2A427A581CC0058F74A /* PhotosGalleryProfileViewModel.swift */ = {isa = PBXFileReference; lastKnownFileType = sourcecode.swift; path = PhotosGalleryProfileViewModel.swift; sourceTree = "<group>"; };
		A524F2A727A5878D0058F74A /* PhotosGalleryProfileModel.swift */ = {isa = PBXFileReference; lastKnownFileType = sourcecode.swift; path = PhotosGalleryProfileModel.swift; sourceTree = "<group>"; };
		A524F2A927A5EC110058F74A /* PhotosViewCell.swift */ = {isa = PBXFileReference; lastKnownFileType = sourcecode.swift; path = PhotosViewCell.swift; sourceTree = "<group>"; };
		A524F2AB27A5EE3E0058F74A /* PhotoViewCell.swift */ = {isa = PBXFileReference; lastKnownFileType = sourcecode.swift; path = PhotoViewCell.swift; sourceTree = "<group>"; };
		A5387A9A2783BD1800FF6930 /* GalleryCollectionView.swift */ = {isa = PBXFileReference; lastKnownFileType = sourcecode.swift; path = GalleryCollectionView.swift; sourceTree = "<group>"; };
		A5387A9C2783BE1C00FF6930 /* GalleryCollectionViewCell.swift */ = {isa = PBXFileReference; lastKnownFileType = sourcecode.swift; path = GalleryCollectionViewCell.swift; sourceTree = "<group>"; };
		A5387A9E2783BFDC00FF6930 /* GalleryModelView.swift */ = {isa = PBXFileReference; lastKnownFileType = sourcecode.swift; path = GalleryModelView.swift; sourceTree = "<group>"; };
		A53A0B6E27723EDF00D6BE66 /* NewsFeedRequestParams.swift */ = {isa = PBXFileReference; lastKnownFileType = sourcecode.swift; path = NewsFeedRequestParams.swift; sourceTree = "<group>"; };
		A554021527A4605200AED5F4 /* AlbumsRequestParams.swift */ = {isa = PBXFileReference; lastKnownFileType = sourcecode.swift; path = AlbumsRequestParams.swift; sourceTree = "<group>"; };
		A56A6B3327A0A16F00B485E1 /* extension + AlertViewController.swift */ = {isa = PBXFileReference; lastKnownFileType = sourcecode.swift; path = "extension + AlertViewController.swift"; sourceTree = "<group>"; };
		A56C7C832768FA0600374BFC /* VKMVVM.app */ = {isa = PBXFileReference; explicitFileType = wrapper.application; includeInIndex = 0; path = VKMVVM.app; sourceTree = BUILT_PRODUCTS_DIR; };
		A56C7C862768FA0600374BFC /* AppDelegate.swift */ = {isa = PBXFileReference; lastKnownFileType = sourcecode.swift; path = AppDelegate.swift; sourceTree = "<group>"; };
		A56C7C882768FA0600374BFC /* SceneDelegate.swift */ = {isa = PBXFileReference; lastKnownFileType = sourcecode.swift; path = SceneDelegate.swift; sourceTree = "<group>"; };
		A56C7C8F2768FA0700374BFC /* Assets.xcassets */ = {isa = PBXFileReference; lastKnownFileType = folder.assetcatalog; path = Assets.xcassets; sourceTree = "<group>"; };
		A56C7C922768FA0700374BFC /* Base */ = {isa = PBXFileReference; lastKnownFileType = file.storyboard; name = Base; path = Base.lproj/LaunchScreen.storyboard; sourceTree = "<group>"; };
		A56C7C942768FA0700374BFC /* Info.plist */ = {isa = PBXFileReference; lastKnownFileType = text.plist.xml; path = Info.plist; sourceTree = "<group>"; };
		A56C7CA1276919FE00374BFC /* VKSdkFramework.xcframework */ = {isa = PBXFileReference; lastKnownFileType = wrapper.xcframework; name = VKSdkFramework.xcframework; path = Carthage/Build/VKSdkFramework.xcframework; sourceTree = "<group>"; };
		A56C7CA52769233900374BFC /* AuthService.swift */ = {isa = PBXFileReference; lastKnownFileType = sourcecode.swift; path = AuthService.swift; sourceTree = "<group>"; };
		A5737FC427711C65008B2432 /* NewsFeedViewCell.swift */ = {isa = PBXFileReference; lastKnownFileType = sourcecode.swift; path = NewsFeedViewCell.swift; sourceTree = "<group>"; };
		A57B333A2794510800F7F3FE /* UserResponse.swift */ = {isa = PBXFileReference; lastKnownFileType = sourcecode.swift; path = UserResponse.swift; sourceTree = "<group>"; };
		A57B333C2794592A00F7F3FE /* UserRequestParams.swift */ = {isa = PBXFileReference; lastKnownFileType = sourcecode.swift; path = UserRequestParams.swift; sourceTree = "<group>"; };
		A57B333E2794884200F7F3FE /* DetailInfoButton.swift */ = {isa = PBXFileReference; lastKnownFileType = sourcecode.swift; path = DetailInfoButton.swift; sourceTree = "<group>"; };
		A57B33412794AEAF00F7F3FE /* HeaderProfileTableViewCell.swift */ = {isa = PBXFileReference; lastKnownFileType = sourcecode.swift; path = HeaderProfileTableViewCell.swift; sourceTree = "<group>"; };
		A57B33442794CFC400F7F3FE /* StaticSizesPageProfileCell.swift */ = {isa = PBXFileReference; lastKnownFileType = sourcecode.swift; path = StaticSizesPageProfileCell.swift; sourceTree = "<group>"; };
		A57B33462794D6F100F7F3FE /* BriefUserInfoViewCell.swift */ = {isa = PBXFileReference; lastKnownFileType = sourcecode.swift; path = BriefUserInfoViewCell.swift; sourceTree = "<group>"; };
		A57F2DD6279ED83400595864 /* ClosedTableViewCell.swift */ = {isa = PBXFileReference; lastKnownFileType = sourcecode.swift; path = ClosedTableViewCell.swift; sourceTree = "<group>"; };
		A57F2DD9279F117C00595864 /* PhotosResponse.swift */ = {isa = PBXFileReference; lastKnownFileType = sourcecode.swift; path = PhotosResponse.swift; sourceTree = "<group>"; };
		A57F2DDB279F134B00595864 /* Photo.swift */ = {isa = PBXFileReference; lastKnownFileType = sourcecode.swift; path = Photo.swift; sourceTree = "<group>"; };
		A57F2DDD279F13C800595864 /* PhotosRequestParams.swift */ = {isa = PBXFileReference; lastKnownFileType = sourcecode.swift; path = PhotosRequestParams.swift; sourceTree = "<group>"; };
		A57F2DE1279F630700595864 /* FollowerTableViewController.swift */ = {isa = PBXFileReference; lastKnownFileType = sourcecode.swift; path = FollowerTableViewController.swift; sourceTree = "<group>"; };
		A57F2DE3279F636500595864 /* FollowerTableViewCell.swift */ = {isa = PBXFileReference; lastKnownFileType = sourcecode.swift; path = FollowerTableViewCell.swift; sourceTree = "<group>"; };
		A57F2DE6279F668200595864 /* FollowerTableModel.swift */ = {isa = PBXFileReference; lastKnownFileType = sourcecode.swift; path = FollowerTableModel.swift; sourceTree = "<group>"; };
		A57F2DE9279F66C700595864 /* FollowerTableViewModel.swift */ = {isa = PBXFileReference; lastKnownFileType = sourcecode.swift; path = FollowerTableViewModel.swift; sourceTree = "<group>"; };
		A589534F2786032A00162F40 /* RowLayout.swift */ = {isa = PBXFileReference; lastKnownFileType = sourcecode.swift; path = RowLayout.swift; sourceTree = "<group>"; };
		A58A1A76279A15950041B432 /* Configurator.swift */ = {isa = PBXFileReference; lastKnownFileType = sourcecode.swift; path = Configurator.swift; sourceTree = "<group>"; };
		A58A1A78279A254C0041B432 /* FriendCollectionViewCell.swift */ = {isa = PBXFileReference; fileEncoding = 4; lastKnownFileType = sourcecode.swift; name = FriendCollectionViewCell.swift; path = FriendsCollection/View/FriendCollectionViewCell.swift; sourceTree = "<group>"; };
		A58A796C27A17BF700455FDA /* PhotosGalleryProfileViewCell.swift */ = {isa = PBXFileReference; lastKnownFileType = sourcecode.swift; path = PhotosGalleryProfileViewCell.swift; sourceTree = "<group>"; };
		A58A796F27A1820400455FDA /* PhotoCollectionViewCell.swift */ = {isa = PBXFileReference; lastKnownFileType = sourcecode.swift; path = PhotoCollectionViewCell.swift; sourceTree = "<group>"; };
		A58A797127A1DC1400455FDA /* AlbumsResponse.swift */ = {isa = PBXFileReference; lastKnownFileType = sourcecode.swift; path = AlbumsResponse.swift; sourceTree = "<group>"; };
		A58AB98027933166004A18E1 /* PageProfileViewModel.swift */ = {isa = PBXFileReference; lastKnownFileType = sourcecode.swift; path = PageProfileViewModel.swift; sourceTree = "<group>"; };
		A58AB982279331CF004A18E1 /* PageProfileViewController.swift */ = {isa = PBXFileReference; lastKnownFileType = sourcecode.swift; path = PageProfileViewController.swift; sourceTree = "<group>"; };
		A58AB98427943C0D004A18E1 /* PageProfileModel.swift */ = {isa = PBXFileReference; lastKnownFileType = sourcecode.swift; path = PageProfileModel.swift; sourceTree = "<group>"; };
		A590839E2770DB310016F641 /* NewsFeedResponse.swift */ = {isa = PBXFileReference; lastKnownFileType = sourcecode.swift; path = NewsFeedResponse.swift; sourceTree = "<group>"; };
		A59183DF277F1A85005BE463 /* NewsFeedContentPostView.swift */ = {isa = PBXFileReference; lastKnownFileType = sourcecode.swift; path = NewsFeedContentPostView.swift; sourceTree = "<group>"; };
		A59183E1277F2A1E005BE463 /* StaticSizesNewsFeedCell.swift */ = {isa = PBXFileReference; lastKnownFileType = sourcecode.swift; path = StaticSizesNewsFeedCell.swift; sourceTree = "<group>"; };
		A592BDB027D0131D005CB754 /* README.md */ = {isa = PBXFileReference; lastKnownFileType = net.daringfireball.markdown; path = README.md; sourceTree = "<group>"; };
		A59A49FF27B7145D00843090 /* DetailInfoProfileViewController.swift */ = {isa = PBXFileReference; lastKnownFileType = sourcecode.swift; path = DetailInfoProfileViewController.swift; sourceTree = "<group>"; };
		A59A4A0227B7153400843090 /* StatusDetailInfoProfileViewCell.swift */ = {isa = PBXFileReference; lastKnownFileType = sourcecode.swift; path = StatusDetailInfoProfileViewCell.swift; sourceTree = "<group>"; };
		A59A4A0427B7188900843090 /* BriefDetailInfoProfileViewCell.swift */ = {isa = PBXFileReference; lastKnownFileType = sourcecode.swift; path = BriefDetailInfoProfileViewCell.swift; sourceTree = "<group>"; };
		A59A4A0727B72C4D00843090 /* DetailInfoProfileViewModel.swift */ = {isa = PBXFileReference; lastKnownFileType = sourcecode.swift; path = DetailInfoProfileViewModel.swift; sourceTree = "<group>"; };
		A59A4A0A27B72FCD00843090 /* DetailInfoProfileModel.swift */ = {isa = PBXFileReference; lastKnownFileType = sourcecode.swift; path = DetailInfoProfileModel.swift; sourceTree = "<group>"; };
		A59BF08B276A26F40004F343 /* NewsFeedViewController.swift */ = {isa = PBXFileReference; lastKnownFileType = sourcecode.swift; path = NewsFeedViewController.swift; sourceTree = "<group>"; };
		A59BF08D276A286C0004F343 /* NewsFeedViewModel.swift */ = {isa = PBXFileReference; lastKnownFileType = sourcecode.swift; path = NewsFeedViewModel.swift; sourceTree = "<group>"; };
		A59BF092276A301F0004F343 /* AuthViewController.swift */ = {isa = PBXFileReference; lastKnownFileType = sourcecode.swift; path = AuthViewController.swift; sourceTree = "<group>"; };
		A59BF094276A52390004F343 /* API.swift */ = {isa = PBXFileReference; lastKnownFileType = sourcecode.swift; path = API.swift; sourceTree = "<group>"; };
		A59BF099276A534D0004F343 /* APIManager.swift */ = {isa = PBXFileReference; lastKnownFileType = sourcecode.swift; path = APIManager.swift; sourceTree = "<group>"; };
		A59CF91F27C43D1400E584F0 /* BasicInfoDetailInfoProfileViewCell.swift */ = {isa = PBXFileReference; lastKnownFileType = sourcecode.swift; path = BasicInfoDetailInfoProfileViewCell.swift; sourceTree = "<group>"; };
		A59CF92127C440C900E584F0 /* BasicInfoView.swift */ = {isa = PBXFileReference; lastKnownFileType = sourcecode.swift; path = BasicInfoView.swift; sourceTree = "<group>"; };
		A59D3F23277360D8007D1AA4 /* ElementBottomView.swift */ = {isa = PBXFileReference; lastKnownFileType = sourcecode.swift; path = ElementBottomView.swift; sourceTree = "<group>"; };
		A5C73175279C9B830029E080 /* NetworkDataFetсher.swift */ = {isa = PBXFileReference; lastKnownFileType = sourcecode.swift; path = "NetworkDataFetсher.swift"; sourceTree = "<group>"; };
		A5C73178279CB0650029E080 /* ErrorResponse.swift */ = {isa = PBXFileReference; lastKnownFileType = sourcecode.swift; path = ErrorResponse.swift; sourceTree = "<group>"; };
		A5C7931C277392B90057922A /* extension + String.swift */ = {isa = PBXFileReference; lastKnownFileType = sourcecode.swift; path = "extension + String.swift"; sourceTree = "<group>"; };
		A5C7931E277399140057922A /* NewsFeedModel.swift */ = {isa = PBXFileReference; lastKnownFileType = sourcecode.swift; path = NewsFeedModel.swift; sourceTree = "<group>"; };
		A5D3B6F327B6C3DE00267948 /* Error.swift */ = {isa = PBXFileReference; lastKnownFileType = sourcecode.swift; path = Error.swift; sourceTree = "<group>"; };
		A5D3F3ED279B0045004B96B3 /* FriendsTableTableViewController.swift */ = {isa = PBXFileReference; lastKnownFileType = sourcecode.swift; path = FriendsTableTableViewController.swift; sourceTree = "<group>"; };
		A5D3F3F0279B0081004B96B3 /* FriendsTableViewModel.swift */ = {isa = PBXFileReference; lastKnownFileType = sourcecode.swift; path = FriendsTableViewModel.swift; sourceTree = "<group>"; };
		A5D3F3F4279B0BBB004B96B3 /* FriendTableViewCell.swift */ = {isa = PBXFileReference; lastKnownFileType = sourcecode.swift; path = FriendTableViewCell.swift; sourceTree = "<group>"; };
		A5D3F3F7279B1500004B96B3 /* FriendsTableModel.swift */ = {isa = PBXFileReference; lastKnownFileType = sourcecode.swift; path = FriendsTableModel.swift; sourceTree = "<group>"; };
		A5D3F3F9279B5980004B96B3 /* OnlineImageView.swift */ = {isa = PBXFileReference; lastKnownFileType = sourcecode.swift; path = OnlineImageView.swift; sourceTree = "<group>"; };
		A5D4AB87278EE9DC0045E333 /* DetailGalleryPhotosViewController.swift */ = {isa = PBXFileReference; lastKnownFileType = sourcecode.swift; path = DetailGalleryPhotosViewController.swift; sourceTree = "<group>"; };
		A5D4AB89278EEAA40045E333 /* DetailPhotoViewController.swift */ = {isa = PBXFileReference; lastKnownFileType = sourcecode.swift; path = DetailPhotoViewController.swift; sourceTree = "<group>"; };
		A5D4AB8C278EF5DB0045E333 /* DetailGalleryPhotosViewModel.swift */ = {isa = PBXFileReference; lastKnownFileType = sourcecode.swift; path = DetailGalleryPhotosViewModel.swift; sourceTree = "<group>"; };
		A5D4AB8F278F01630045E333 /* DetailPhotoModel.swift */ = {isa = PBXFileReference; lastKnownFileType = sourcecode.swift; path = DetailPhotoModel.swift; sourceTree = "<group>"; };
		A5E53B41277BA632005458F6 /* FeedCellCalculatorContentView.swift */ = {isa = PBXFileReference; lastKnownFileType = sourcecode.swift; path = FeedCellCalculatorContentView.swift; sourceTree = "<group>"; };
		A5E578EA27B4780B006D2DC6 /* LikesBottomView.swift */ = {isa = PBXFileReference; lastKnownFileType = sourcecode.swift; path = LikesBottomView.swift; sourceTree = "<group>"; };
		A5E95AF3277CF70600454BEB /* WebImageView.swift */ = {isa = PBXFileReference; lastKnownFileType = sourcecode.swift; path = WebImageView.swift; sourceTree = "<group>"; };
		A5EA901227AA8E3A00ACCA2A /* extension + UIView.swift */ = {isa = PBXFileReference; lastKnownFileType = sourcecode.swift; path = "extension + UIView.swift"; sourceTree = "<group>"; };
		A5EA901427AAA87C00ACCA2A /* RequestParamsProtocol.swift */ = {isa = PBXFileReference; lastKnownFileType = sourcecode.swift; path = RequestParamsProtocol.swift; sourceTree = "<group>"; };
		A5F57D8B27B32A6600932C82 /* LikesRequestParams.swift */ = {isa = PBXFileReference; lastKnownFileType = sourcecode.swift; path = LikesRequestParams.swift; sourceTree = "<group>"; };
		A5F57D8E27B32D0B00932C82 /* LikesResponse.swift */ = {isa = PBXFileReference; lastKnownFileType = sourcecode.swift; path = LikesResponse.swift; sourceTree = "<group>"; };
/* End PBXFileReference section */

/* Begin PBXFrameworksBuildPhase section */
		A56C7C802768FA0500374BFC /* Frameworks */ = {
			isa = PBXFrameworksBuildPhase;
			buildActionMask = 2147483647;
			files = (
				A56C7CA2276919FE00374BFC /* VKSdkFramework.xcframework in Frameworks */,
			);
			runOnlyForDeploymentPostprocessing = 0;
		};
/* End PBXFrameworksBuildPhase section */

/* Begin PBXGroup section */
		A500B37B27988D53005D749C /* Friends */ = {
			isa = PBXGroup;
			children = (
				A500B37C27988D8E005D749C /* FriendsResponse.swift */,
			);
			name = Friends;
			sourceTree = "<group>";
		};
		A50818D827888D6400144AB9 /* HelpersView */ = {
			isa = PBXGroup;
			children = (
				A5D4AB85278EE95A0045E333 /* DetailGalleryPhotos */,
				A57B6B06278C90900020558E /* ElementBottomView */,
				A50818E62788C92000144AB9 /* TopViewRecording */,
				A5387AA02783C0D400FF6930 /* GalleryCollectionPhotos */,
			);
			path = HelpersView;
			sourceTree = "<group>";
		};
		A50818E62788C92000144AB9 /* TopViewRecording */ = {
			isa = PBXGroup;
			children = (
				A50818E82788C98700144AB9 /* Model */,
				A50818E72788C98100144AB9 /* View */,
			);
			path = TopViewRecording;
			sourceTree = "<group>";
		};
		A50818E72788C98100144AB9 /* View */ = {
			isa = PBXGroup;
			children = (
				A50818EA2788C9B300144AB9 /* TopRecordingView.swift */,
			);
			path = View;
			sourceTree = "<group>";
		};
		A50818E82788C98700144AB9 /* Model */ = {
			isa = PBXGroup;
			children = (
				A50818EC2788CC2C00144AB9 /* TopRecordingModel.swift */,
			);
			path = Model;
			sourceTree = "<group>";
		};
		A5167D7A27A55CB100B19B1F /* PhotosGalleryProfile */ = {
			isa = PBXGroup;
			children = (
				A524F2A627A5877D0058F74A /* Model */,
				A524F2A327A581B40058F74A /* ViewModel */,
				A5167D7B27A55EF900B19B1F /* View */,
			);
			path = PhotosGalleryProfile;
			sourceTree = "<group>";
		};
		A5167D7B27A55EF900B19B1F /* View */ = {
			isa = PBXGroup;
			children = (
				A5167D7E27A5624200B19B1F /* Cells */,
				A5167D7C27A561EB00B19B1F /* PhotosGalleryProfileTableViewController.swift */,
			);
			path = View;
			sourceTree = "<group>";
		};
		A5167D7E27A5624200B19B1F /* Cells */ = {
			isa = PBXGroup;
			children = (
				A5167D7F27A5626800B19B1F /* AlbumsViewCell.swift */,
				A524F2A127A571C00058F74A /* AlbumViewCell.swift */,
				A524F2A927A5EC110058F74A /* PhotosViewCell.swift */,
				A524F2AB27A5EE3E0058F74A /* PhotoViewCell.swift */,
			);
			path = Cells;
			sourceTree = "<group>";
		};
		A524F29E27A56B820058F74A /* Views */ = {
			isa = PBXGroup;
			children = (
				A5E95AF3277CF70600454BEB /* WebImageView.swift */,
				A5D3F3F9279B5980004B96B3 /* OnlineImageView.swift */,
				A5167D8327A565C800B19B1F /* StaticSizesUniversalViews.swift */,
				A524F29F27A56BC10058F74A /* HeaderCell.swift */,
			);
			path = Views;
			sourceTree = "<group>";
		};
		A524F2A327A581B40058F74A /* ViewModel */ = {
			isa = PBXGroup;
			children = (
				A524F2A427A581CC0058F74A /* PhotosGalleryProfileViewModel.swift */,
			);
			path = ViewModel;
			sourceTree = "<group>";
		};
		A524F2A627A5877D0058F74A /* Model */ = {
			isa = PBXGroup;
			children = (
				A524F2A727A5878D0058F74A /* PhotosGalleryProfileModel.swift */,
			);
			path = Model;
			sourceTree = "<group>";
		};
		A5387AA02783C0D400FF6930 /* GalleryCollectionPhotos */ = {
			isa = PBXGroup;
			children = (
				A5387AA32783C0FE00FF6930 /* ModelView */,
				A5387AA22783C0F800FF6930 /* View */,
			);
			path = GalleryCollectionPhotos;
			sourceTree = "<group>";
		};
		A5387AA22783C0F800FF6930 /* View */ = {
			isa = PBXGroup;
			children = (
				A5387A9A2783BD1800FF6930 /* GalleryCollectionView.swift */,
				A5387A9C2783BE1C00FF6930 /* GalleryCollectionViewCell.swift */,
				A589534F2786032A00162F40 /* RowLayout.swift */,
			);
			path = View;
			sourceTree = "<group>";
		};
		A5387AA32783C0FE00FF6930 /* ModelView */ = {
			isa = PBXGroup;
			children = (
				A5387A9E2783BFDC00FF6930 /* GalleryModelView.swift */,
			);
			path = ModelView;
			sourceTree = "<group>";
		};
		A53A0B6D27723EAA00D6BE66 /* RequestParams */ = {
			isa = PBXGroup;
			children = (
				A53A0B6E27723EDF00D6BE66 /* NewsFeedRequestParams.swift */,
				A57B333C2794592A00F7F3FE /* UserRequestParams.swift */,
				A500B37E27988DB3005D749C /* FriendsRequestParams.swift */,
				A57F2DDD279F13C800595864 /* PhotosRequestParams.swift */,
				A554021527A4605200AED5F4 /* AlbumsRequestParams.swift */,
				A5F57D8B27B32A6600932C82 /* LikesRequestParams.swift */,
				A5EA901427AAA87C00ACCA2A /* RequestParamsProtocol.swift */,
			);
			path = RequestParams;
			sourceTree = "<group>";
		};
		A56C7C7A2768FA0500374BFC = {
			isa = PBXGroup;
			children = (
				A592BDB027D0131D005CB754 /* README.md */,
				A56C7C852768FA0600374BFC /* VKMVVM */,
				A56C7C842768FA0600374BFC /* Products */,
				A56C7CA0276919FE00374BFC /* Frameworks */,
			);
			sourceTree = "<group>";
		};
		A56C7C842768FA0600374BFC /* Products */ = {
			isa = PBXGroup;
			children = (
				A56C7C832768FA0600374BFC /* VKMVVM.app */,
			);
			name = Products;
			sourceTree = "<group>";
		};
		A56C7C852768FA0600374BFC /* VKMVVM */ = {
			isa = PBXGroup;
			children = (
				A59A49FD27B7141000843090 /* DetailInfoProfile */,
				A5167D7A27A55CB100B19B1F /* PhotosGalleryProfile */,
				A57F2DDF279F62A800595864 /* FollowerTable */,
				A5D3F3EB279B000F004B96B3 /* FriendsTable */,
				A59D3F2527739222007D1AA4 /* Helpers */,
				A58AB97927931A8C004A18E1 /* PageProfile */,
				A59BF08A276A26290004F343 /* NewsFeed */,
				A56C7C9A2768FA1200374BFC /* Services */,
				A56C7C862768FA0600374BFC /* AppDelegate.swift */,
				A56C7C882768FA0600374BFC /* SceneDelegate.swift */,
				A56C7C8F2768FA0700374BFC /* Assets.xcassets */,
				A56C7C912768FA0700374BFC /* LaunchScreen.storyboard */,
				A56C7C942768FA0700374BFC /* Info.plist */,
				A59BF092276A301F0004F343 /* AuthViewController.swift */,
			);
			path = VKMVVM;
			sourceTree = "<group>";
		};
		A56C7C9A2768FA1200374BFC /* Services */ = {
			isa = PBXGroup;
			children = (
				A590839C2770DB080016F641 /* Models */,
				A59BF098276A533B0004F343 /* API */,
				A56C7CA52769233900374BFC /* AuthService.swift */,
				A58A1A76279A15950041B432 /* Configurator.swift */,
				A5D3B6F327B6C3DE00267948 /* Error.swift */,
			);
			path = Services;
			sourceTree = "<group>";
		};
		A56C7CA0276919FE00374BFC /* Frameworks */ = {
			isa = PBXGroup;
			children = (
				A56C7CA1276919FE00374BFC /* VKSdkFramework.xcframework */,
			);
			name = Frameworks;
			sourceTree = "<group>";
		};
		A57B3339279450DD00F7F3FE /* User */ = {
			isa = PBXGroup;
			children = (
				A57B333A2794510800F7F3FE /* UserResponse.swift */,
			);
			path = User;
			sourceTree = "<group>";
		};
		A57B33402794ACF800F7F3FE /* Cells */ = {
			isa = PBXGroup;
			children = (
				A58A796E27A181BE00455FDA /* CellsInCells */,
				A500B378279871D2005D749C /* FriendsViewCell.swift */,
				A57B33412794AEAF00F7F3FE /* HeaderProfileTableViewCell.swift */,
				A57B33442794CFC400F7F3FE /* StaticSizesPageProfileCell.swift */,
				A57B33462794D6F100F7F3FE /* BriefUserInfoViewCell.swift */,
				A57F2DD6279ED83400595864 /* ClosedTableViewCell.swift */,
				A58A796C27A17BF700455FDA /* PhotosGalleryProfileViewCell.swift */,
			);
			name = Cells;
			sourceTree = "<group>";
		};
		A57B33432794BEC700F7F3FE /* HelperView */ = {
			isa = PBXGroup;
			children = (
				A57B333E2794884200F7F3FE /* DetailInfoButton.swift */,
			);
			name = HelperView;
			sourceTree = "<group>";
		};
		A57B6B06278C90900020558E /* ElementBottomView */ = {
			isa = PBXGroup;
			children = (
				A59D3F23277360D8007D1AA4 /* ElementBottomView.swift */,
				A5E578EA27B4780B006D2DC6 /* LikesBottomView.swift */,
			);
			path = ElementBottomView;
			sourceTree = "<group>";
		};
		A57F2DD8279F116300595864 /* Photos */ = {
			isa = PBXGroup;
			children = (
				A57F2DD9279F117C00595864 /* PhotosResponse.swift */,
				A57F2DDB279F134B00595864 /* Photo.swift */,
				A58A797127A1DC1400455FDA /* AlbumsResponse.swift */,
			);
			path = Photos;
			sourceTree = "<group>";
		};
		A57F2DDF279F62A800595864 /* FollowerTable */ = {
			isa = PBXGroup;
			children = (
				A57F2DE8279F66AC00595864 /* ViewModel */,
				A57F2DE5279F666600595864 /* Model */,
				A57F2DE0279F62DD00595864 /* View */,
			);
			path = FollowerTable;
			sourceTree = "<group>";
		};
		A57F2DE0279F62DD00595864 /* View */ = {
			isa = PBXGroup;
			children = (
				A57F2DE1279F630700595864 /* FollowerTableViewController.swift */,
				A57F2DE3279F636500595864 /* FollowerTableViewCell.swift */,
			);
			path = View;
			sourceTree = "<group>";
		};
		A57F2DE5279F666600595864 /* Model */ = {
			isa = PBXGroup;
			children = (
				A57F2DE6279F668200595864 /* FollowerTableModel.swift */,
			);
			path = Model;
			sourceTree = "<group>";
		};
		A57F2DE8279F66AC00595864 /* ViewModel */ = {
			isa = PBXGroup;
			children = (
				A57F2DE9279F66C700595864 /* FollowerTableViewModel.swift */,
			);
			path = ViewModel;
			sourceTree = "<group>";
		};
		A58A796E27A181BE00455FDA /* CellsInCells */ = {
			isa = PBXGroup;
			children = (
				A58A1A78279A254C0041B432 /* FriendCollectionViewCell.swift */,
				A58A796F27A1820400455FDA /* PhotoCollectionViewCell.swift */,
			);
			name = CellsInCells;
			sourceTree = "<group>";
		};
		A58AB97927931A8C004A18E1 /* PageProfile */ = {
			isa = PBXGroup;
			children = (
				A57B33432794BEC700F7F3FE /* HelperView */,
				A58AB97D279330BA004A18E1 /* Model */,
				A58AB97F279330D0004A18E1 /* View */,
				A58AB97E279330C8004A18E1 /* ViewModel */,
			);
			path = PageProfile;
			sourceTree = "<group>";
		};
		A58AB97D279330BA004A18E1 /* Model */ = {
			isa = PBXGroup;
			children = (
				A58AB98427943C0D004A18E1 /* PageProfileModel.swift */,
			);
			name = Model;
			sourceTree = "<group>";
		};
		A58AB97E279330C8004A18E1 /* ViewModel */ = {
			isa = PBXGroup;
			children = (
				A58AB98027933166004A18E1 /* PageProfileViewModel.swift */,
			);
			name = ViewModel;
			sourceTree = "<group>";
		};
		A58AB97F279330D0004A18E1 /* View */ = {
			isa = PBXGroup;
			children = (
				A57B33402794ACF800F7F3FE /* Cells */,
				A58AB982279331CF004A18E1 /* PageProfileViewController.swift */,
			);
			name = View;
			sourceTree = "<group>";
		};
		A590839C2770DB080016F641 /* Models */ = {
			isa = PBXGroup;
			children = (
				A5F57D8D27B32CFE00932C82 /* Likes */,
				A57F2DD8279F116300595864 /* Photos */,
				A5C73177279CB0440029E080 /* Errors */,
				A500B37B27988D53005D749C /* Friends */,
				A57B3339279450DD00F7F3FE /* User */,
				A590839D2770DB120016F641 /* NewsFeed */,
			);
			path = Models;
			sourceTree = "<group>";
		};
		A590839D2770DB120016F641 /* NewsFeed */ = {
			isa = PBXGroup;
			children = (
				A590839E2770DB310016F641 /* NewsFeedResponse.swift */,
			);
			path = NewsFeed;
			sourceTree = "<group>";
		};
		A59183DE277F1A07005BE463 /* Cell */ = {
			isa = PBXGroup;
			children = (
				A5737FC427711C65008B2432 /* NewsFeedViewCell.swift */,
				A5E53B41277BA632005458F6 /* FeedCellCalculatorContentView.swift */,
				A59183DF277F1A85005BE463 /* NewsFeedContentPostView.swift */,
				A59183E1277F2A1E005BE463 /* StaticSizesNewsFeedCell.swift */,
			);
			path = Cell;
			sourceTree = "<group>";
		};
		A59A49FD27B7141000843090 /* DetailInfoProfile */ = {
			isa = PBXGroup;
			children = (
				A59A4A0927B72FB500843090 /* Model */,
				A59A4A0627B72C2200843090 /* ViewModel */,
				A59A49FE27B7142D00843090 /* View */,
			);
			path = DetailInfoProfile;
			sourceTree = "<group>";
		};
		A59A49FE27B7142D00843090 /* View */ = {
			isa = PBXGroup;
			children = (
				A59A4A0127B714A600843090 /* Cells */,
				A59A49FF27B7145D00843090 /* DetailInfoProfileViewController.swift */,
			);
			path = View;
			sourceTree = "<group>";
		};
		A59A4A0127B714A600843090 /* Cells */ = {
			isa = PBXGroup;
			children = (
				A59A4A0227B7153400843090 /* StatusDetailInfoProfileViewCell.swift */,
				A59A4A0427B7188900843090 /* BriefDetailInfoProfileViewCell.swift */,
				A59CF91F27C43D1400E584F0 /* BasicInfoDetailInfoProfileViewCell.swift */,
				A59CF92127C440C900E584F0 /* BasicInfoView.swift */,
			);
			path = Cells;
			sourceTree = "<group>";
		};
		A59A4A0627B72C2200843090 /* ViewModel */ = {
			isa = PBXGroup;
			children = (
				A59A4A0727B72C4D00843090 /* DetailInfoProfileViewModel.swift */,
			);
			path = ViewModel;
			sourceTree = "<group>";
		};
		A59A4A0927B72FB500843090 /* Model */ = {
			isa = PBXGroup;
			children = (
				A59A4A0A27B72FCD00843090 /* DetailInfoProfileModel.swift */,
			);
			path = Model;
			sourceTree = "<group>";
		};
		A59BF08A276A26290004F343 /* NewsFeed */ = {
			isa = PBXGroup;
			children = (
				A50818D827888D6400144AB9 /* HelpersView */,
				A59BF091276A28940004F343 /* Model */,
				A59BF08F276A287E0004F343 /* View */,
				A59BF090276A28870004F343 /* ViewModel */,
			);
			path = NewsFeed;
			sourceTree = "<group>";
		};
		A59BF08F276A287E0004F343 /* View */ = {
			isa = PBXGroup;
			children = (
				A59183DE277F1A07005BE463 /* Cell */,
				A59BF08B276A26F40004F343 /* NewsFeedViewController.swift */,
			);
			path = View;
			sourceTree = "<group>";
		};
		A59BF090276A28870004F343 /* ViewModel */ = {
			isa = PBXGroup;
			children = (
				A59BF08D276A286C0004F343 /* NewsFeedViewModel.swift */,
			);
			path = ViewModel;
			sourceTree = "<group>";
		};
		A59BF091276A28940004F343 /* Model */ = {
			isa = PBXGroup;
			children = (
				A5C7931E277399140057922A /* NewsFeedModel.swift */,
			);
			path = Model;
			sourceTree = "<group>";
		};
		A59BF098276A533B0004F343 /* API */ = {
			isa = PBXGroup;
			children = (
				A53A0B6D27723EAA00D6BE66 /* RequestParams */,
				A59BF094276A52390004F343 /* API.swift */,
				A59BF099276A534D0004F343 /* APIManager.swift */,
				A5C73175279C9B830029E080 /* NetworkDataFetсher.swift */,
			);
			path = API;
			sourceTree = "<group>";
		};
		A59D3F2527739222007D1AA4 /* Helpers */ = {
			isa = PBXGroup;
			children = (
				A524F29E27A56B820058F74A /* Views */,
				A5C7931C277392B90057922A /* extension + String.swift */,
				A56A6B3327A0A16F00B485E1 /* extension + AlertViewController.swift */,
				A5EA901227AA8E3A00ACCA2A /* extension + UIView.swift */,
			);
			path = Helpers;
			sourceTree = "<group>";
		};
		A5C73177279CB0440029E080 /* Errors */ = {
			isa = PBXGroup;
			children = (
				A5C73178279CB0650029E080 /* ErrorResponse.swift */,
			);
			path = Errors;
			sourceTree = "<group>";
		};
		A5D3F3EB279B000F004B96B3 /* FriendsTable */ = {
			isa = PBXGroup;
			children = (
				A5D3F3F6279B14EC004B96B3 /* Model */,
				A5D3F3EF279B0067004B96B3 /* ViewModel */,
				A5D3F3EC279B002B004B96B3 /* View */,
			);
			path = FriendsTable;
			sourceTree = "<group>";
		};
		A5D3F3EC279B002B004B96B3 /* View */ = {
			isa = PBXGroup;
			children = (
				A5D3F3ED279B0045004B96B3 /* FriendsTableTableViewController.swift */,
				A5D3F3F4279B0BBB004B96B3 /* FriendTableViewCell.swift */,
			);
			path = View;
			sourceTree = "<group>";
		};
		A5D3F3EF279B0067004B96B3 /* ViewModel */ = {
			isa = PBXGroup;
			children = (
				A5D3F3F0279B0081004B96B3 /* FriendsTableViewModel.swift */,
			);
			path = ViewModel;
			sourceTree = "<group>";
		};
		A5D3F3F6279B14EC004B96B3 /* Model */ = {
			isa = PBXGroup;
			children = (
				A5D3F3F7279B1500004B96B3 /* FriendsTableModel.swift */,
			);
			path = Model;
			sourceTree = "<group>";
		};
		A5D4AB85278EE95A0045E333 /* DetailGalleryPhotos */ = {
			isa = PBXGroup;
			children = (
				A5D4AB8E278F015A0045E333 /* Model */,
				A5D4AB8B278EEB630045E333 /* ViewModel */,
				A5D4AB86278EE97A0045E333 /* View */,
			);
			path = DetailGalleryPhotos;
			sourceTree = "<group>";
		};
		A5D4AB86278EE97A0045E333 /* View */ = {
			isa = PBXGroup;
			children = (
				A5D4AB87278EE9DC0045E333 /* DetailGalleryPhotosViewController.swift */,
				A5D4AB89278EEAA40045E333 /* DetailPhotoViewController.swift */,
			);
			path = View;
			sourceTree = "<group>";
		};
		A5D4AB8B278EEB630045E333 /* ViewModel */ = {
			isa = PBXGroup;
			children = (
				A5D4AB8C278EF5DB0045E333 /* DetailGalleryPhotosViewModel.swift */,
			);
			path = ViewModel;
			sourceTree = "<group>";
		};
		A5D4AB8E278F015A0045E333 /* Model */ = {
			isa = PBXGroup;
			children = (
				A5D4AB8F278F01630045E333 /* DetailPhotoModel.swift */,
			);
			path = Model;
			sourceTree = "<group>";
		};
		A5F57D8D27B32CFE00932C82 /* Likes */ = {
			isa = PBXGroup;
			children = (
				A5F57D8E27B32D0B00932C82 /* LikesResponse.swift */,
			);
			path = Likes;
			sourceTree = "<group>";
		};
/* End PBXGroup section */

/* Begin PBXNativeTarget section */
		A56C7C822768FA0500374BFC /* VKMVVM */ = {
			isa = PBXNativeTarget;
			buildConfigurationList = A56C7C972768FA0700374BFC /* Build configuration list for PBXNativeTarget "VKMVVM" */;
			buildPhases = (
				A56C7C7F2768FA0500374BFC /* Sources */,
				A56C7C802768FA0500374BFC /* Frameworks */,
				A56C7C812768FA0500374BFC /* Resources */,
				A56C7CA4276919FF00374BFC /* Embed Frameworks */,
			);
			buildRules = (
			);
			dependencies = (
			);
			name = VKMVVM;
			productName = VKMVVM;
			productReference = A56C7C832768FA0600374BFC /* VKMVVM.app */;
			productType = "com.apple.product-type.application";
		};
/* End PBXNativeTarget section */

/* Begin PBXProject section */
		A56C7C7B2768FA0500374BFC /* Project object */ = {
			isa = PBXProject;
			attributes = {
				BuildIndependentTargetsInParallel = 1;
				LastSwiftUpdateCheck = 1310;
				LastUpgradeCheck = 1310;
				TargetAttributes = {
					A56C7C822768FA0500374BFC = {
						CreatedOnToolsVersion = 13.1;
					};
				};
			};
			buildConfigurationList = A56C7C7E2768FA0500374BFC /* Build configuration list for PBXProject "VKMVVM" */;
			compatibilityVersion = "Xcode 13.0";
			developmentRegion = en;
			hasScannedForEncodings = 0;
			knownRegions = (
				en,
				Base,
			);
			mainGroup = A56C7C7A2768FA0500374BFC;
			productRefGroup = A56C7C842768FA0600374BFC /* Products */;
			projectDirPath = "";
			projectRoot = "";
			targets = (
				A56C7C822768FA0500374BFC /* VKMVVM */,
			);
		};
/* End PBXProject section */

/* Begin PBXResourcesBuildPhase section */
		A56C7C812768FA0500374BFC /* Resources */ = {
			isa = PBXResourcesBuildPhase;
			buildActionMask = 2147483647;
			files = (
				A56C7C932768FA0700374BFC /* LaunchScreen.storyboard in Resources */,
				A592BDB127D0131D005CB754 /* README.md in Resources */,
				A56C7C902768FA0700374BFC /* Assets.xcassets in Resources */,
			);
			runOnlyForDeploymentPostprocessing = 0;
		};
/* End PBXResourcesBuildPhase section */

/* Begin PBXSourcesBuildPhase section */
		A56C7C7F2768FA0500374BFC /* Sources */ = {
			isa = PBXSourcesBuildPhase;
			buildActionMask = 2147483647;
			files = (
				A59A4A0827B72C4D00843090 /* DetailInfoProfileViewModel.swift in Sources */,
				A5D3F3F1279B0081004B96B3 /* FriendsTableViewModel.swift in Sources */,
				A59BF09A276A534D0004F343 /* APIManager.swift in Sources */,
				A58AB983279331CF004A18E1 /* PageProfileViewController.swift in Sources */,
				A5387A9D2783BE1C00FF6930 /* GalleryCollectionViewCell.swift in Sources */,
				A524F2AA27A5EC110058F74A /* PhotosViewCell.swift in Sources */,
				A59183E2277F2A1E005BE463 /* StaticSizesNewsFeedCell.swift in Sources */,
				A524F2A027A56BC10058F74A /* HeaderCell.swift in Sources */,
				A59CF92027C43D1400E584F0 /* BasicInfoDetailInfoProfileViewCell.swift in Sources */,
				A5C73179279CB0650029E080 /* ErrorResponse.swift in Sources */,
				A5D4AB8D278EF5DB0045E333 /* DetailGalleryPhotosViewModel.swift in Sources */,
				A59CF92227C440C900E584F0 /* BasicInfoView.swift in Sources */,
				A59A4A0027B7145D00843090 /* DetailInfoProfileViewController.swift in Sources */,
				A59BF08E276A286C0004F343 /* NewsFeedViewModel.swift in Sources */,
				A56C7C872768FA0600374BFC /* AppDelegate.swift in Sources */,
				A524F2AC27A5EE3E0058F74A /* PhotoViewCell.swift in Sources */,
				A5E578EB27B4780B006D2DC6 /* LikesBottomView.swift in Sources */,
				A5EA901327AA8E3A00ACCA2A /* extension + UIView.swift in Sources */,
				A57B333F2794884200F7F3FE /* DetailInfoButton.swift in Sources */,
				A5737FC627711C66008B2432 /* NewsFeedViewCell.swift in Sources */,
				A57B333D2794592A00F7F3FE /* UserRequestParams.swift in Sources */,
				A59A4A0527B7188900843090 /* BriefDetailInfoProfileViewCell.swift in Sources */,
				A58AB98127933166004A18E1 /* PageProfileViewModel.swift in Sources */,
				A5E53B42277BA632005458F6 /* FeedCellCalculatorContentView.swift in Sources */,
				A5387A9F2783BFDC00FF6930 /* GalleryModelView.swift in Sources */,
				A56C7C892768FA0600374BFC /* SceneDelegate.swift in Sources */,
				A5D3F3EE279B0045004B96B3 /* FriendsTableTableViewController.swift in Sources */,
				A500B379279871D2005D749C /* FriendsViewCell.swift in Sources */,
				A56C7CA62769233900374BFC /* AuthService.swift in Sources */,
				A59183E0277F1A85005BE463 /* NewsFeedContentPostView.swift in Sources */,
				A57F2DD7279ED83400595864 /* ClosedTableViewCell.swift in Sources */,
				A500B37F27988DB3005D749C /* FriendsRequestParams.swift in Sources */,
				A58A796D27A17BF700455FDA /* PhotosGalleryProfileViewCell.swift in Sources */,
				A5F57D8F27B32D0B00932C82 /* LikesResponse.swift in Sources */,
				A53A0B6F27723EDF00D6BE66 /* NewsFeedRequestParams.swift in Sources */,
				A524F2A827A5878D0058F74A /* PhotosGalleryProfileModel.swift in Sources */,
				A58953502786032A00162F40 /* RowLayout.swift in Sources */,
				A58AB98527943C0D004A18E1 /* PageProfileModel.swift in Sources */,
				A59A4A0B27B72FCD00843090 /* DetailInfoProfileModel.swift in Sources */,
				A59BF093276A301F0004F343 /* AuthViewController.swift in Sources */,
				A5167D7D27A561EB00B19B1F /* PhotosGalleryProfileTableViewController.swift in Sources */,
				A5E95AF4277CF70600454BEB /* WebImageView.swift in Sources */,
				A57F2DE4279F636500595864 /* FollowerTableViewCell.swift in Sources */,
				A5387A9B2783BD1800FF6930 /* GalleryCollectionView.swift in Sources */,
				A57B33472794D6F100F7F3FE /* BriefUserInfoViewCell.swift in Sources */,
				A58A1A77279A15950041B432 /* Configurator.swift in Sources */,
				A5C7931F277399140057922A /* NewsFeedModel.swift in Sources */,
				A59D3F24277360D9007D1AA4 /* ElementBottomView.swift in Sources */,
				A5D4AB88278EE9DC0045E333 /* DetailGalleryPhotosViewController.swift in Sources */,
				A500B37D27988D8E005D749C /* FriendsResponse.swift in Sources */,
				A59BF08C276A26F40004F343 /* NewsFeedViewController.swift in Sources */,
				A57F2DDA279F117C00595864 /* PhotosResponse.swift in Sources */,
				A57F2DDE279F13C800595864 /* PhotosRequestParams.swift in Sources */,
				A5D3B6F427B6C3DE00267948 /* Error.swift in Sources */,
				A58A797027A1820400455FDA /* PhotoCollectionViewCell.swift in Sources */,
				A50818EB2788C9B400144AB9 /* TopRecordingView.swift in Sources */,
				A57F2DDC279F134B00595864 /* Photo.swift in Sources */,
				A50818ED2788CC2C00144AB9 /* TopRecordingModel.swift in Sources */,
				A554021627A4605200AED5F4 /* AlbumsRequestParams.swift in Sources */,
				A5D3F3FA279B5980004B96B3 /* OnlineImageView.swift in Sources */,
				A58A797227A1DC1400455FDA /* AlbumsResponse.swift in Sources */,
				A5F57D8C27B32A6600932C82 /* LikesRequestParams.swift in Sources */,
				A57B33422794AEAF00F7F3FE /* HeaderProfileTableViewCell.swift in Sources */,
				A5167D8027A5626800B19B1F /* AlbumsViewCell.swift in Sources */,
				A56A6B3427A0A16F00B485E1 /* extension + AlertViewController.swift in Sources */,
				A5D3F3F8279B1500004B96B3 /* FriendsTableModel.swift in Sources */,
				A5D4AB8A278EEAA40045E333 /* DetailPhotoViewController.swift in Sources */,
				A524F2A527A581CC0058F74A /* PhotosGalleryProfileViewModel.swift in Sources */,
				A5C7931D277392B90057922A /* extension + String.swift in Sources */,
				A524F2A227A571C00058F74A /* AlbumViewCell.swift in Sources */,
				A59BF095276A52390004F343 /* API.swift in Sources */,
				A5D4AB90278F01630045E333 /* DetailPhotoModel.swift in Sources */,
				A57B33452794CFC400F7F3FE /* StaticSizesPageProfileCell.swift in Sources */,
				A5EA901527AAA87C00ACCA2A /* RequestParamsProtocol.swift in Sources */,
				A5C73176279C9B830029E080 /* NetworkDataFetсher.swift in Sources */,
				A57F2DE2279F630700595864 /* FollowerTableViewController.swift in Sources */,
				A5D3F3F5279B0BBB004B96B3 /* FriendTableViewCell.swift in Sources */,
				A57F2DE7279F668200595864 /* FollowerTableModel.swift in Sources */,
				A58A1A79279A254C0041B432 /* FriendCollectionViewCell.swift in Sources */,
				A57F2DEA279F66C700595864 /* FollowerTableViewModel.swift in Sources */,
				A5167D8427A565C800B19B1F /* StaticSizesUniversalViews.swift in Sources */,
				A59A4A0327B7153400843090 /* StatusDetailInfoProfileViewCell.swift in Sources */,
				A590839F2770DB310016F641 /* NewsFeedResponse.swift in Sources */,
				A57B333B2794510800F7F3FE /* UserResponse.swift in Sources */,
			);
			runOnlyForDeploymentPostprocessing = 0;
		};
/* End PBXSourcesBuildPhase section */

/* Begin PBXVariantGroup section */
		A56C7C912768FA0700374BFC /* LaunchScreen.storyboard */ = {
			isa = PBXVariantGroup;
			children = (
				A56C7C922768FA0700374BFC /* Base */,
			);
			name = LaunchScreen.storyboard;
			sourceTree = "<group>";
		};
/* End PBXVariantGroup section */

/* Begin XCBuildConfiguration section */
		A56C7C952768FA0700374BFC /* Debug */ = {
			isa = XCBuildConfiguration;
			buildSettings = {
				ALWAYS_SEARCH_USER_PATHS = NO;
				CLANG_ANALYZER_NONNULL = YES;
				CLANG_ANALYZER_NUMBER_OBJECT_CONVERSION = YES_AGGRESSIVE;
				CLANG_CXX_LANGUAGE_STANDARD = "gnu++17";
				CLANG_CXX_LIBRARY = "libc++";
				CLANG_ENABLE_MODULES = YES;
				CLANG_ENABLE_OBJC_ARC = YES;
				CLANG_ENABLE_OBJC_WEAK = YES;
				CLANG_WARN_BLOCK_CAPTURE_AUTORELEASING = YES;
				CLANG_WARN_BOOL_CONVERSION = YES;
				CLANG_WARN_COMMA = YES;
				CLANG_WARN_CONSTANT_CONVERSION = YES;
				CLANG_WARN_DEPRECATED_OBJC_IMPLEMENTATIONS = YES;
				CLANG_WARN_DIRECT_OBJC_ISA_USAGE = YES_ERROR;
				CLANG_WARN_DOCUMENTATION_COMMENTS = YES;
				CLANG_WARN_EMPTY_BODY = YES;
				CLANG_WARN_ENUM_CONVERSION = YES;
				CLANG_WARN_INFINITE_RECURSION = YES;
				CLANG_WARN_INT_CONVERSION = YES;
				CLANG_WARN_NON_LITERAL_NULL_CONVERSION = YES;
				CLANG_WARN_OBJC_IMPLICIT_RETAIN_SELF = YES;
				CLANG_WARN_OBJC_LITERAL_CONVERSION = YES;
				CLANG_WARN_OBJC_ROOT_CLASS = YES_ERROR;
				CLANG_WARN_QUOTED_INCLUDE_IN_FRAMEWORK_HEADER = YES;
				CLANG_WARN_RANGE_LOOP_ANALYSIS = YES;
				CLANG_WARN_STRICT_PROTOTYPES = YES;
				CLANG_WARN_SUSPICIOUS_MOVE = YES;
				CLANG_WARN_UNGUARDED_AVAILABILITY = YES_AGGRESSIVE;
				CLANG_WARN_UNREACHABLE_CODE = YES;
				CLANG_WARN__DUPLICATE_METHOD_MATCH = YES;
				COPY_PHASE_STRIP = NO;
				DEBUG_INFORMATION_FORMAT = dwarf;
				ENABLE_STRICT_OBJC_MSGSEND = YES;
				ENABLE_TESTABILITY = YES;
				GCC_C_LANGUAGE_STANDARD = gnu11;
				GCC_DYNAMIC_NO_PIC = NO;
				GCC_NO_COMMON_BLOCKS = YES;
				GCC_OPTIMIZATION_LEVEL = 0;
				GCC_PREPROCESSOR_DEFINITIONS = (
					"DEBUG=1",
					"$(inherited)",
				);
				GCC_WARN_64_TO_32_BIT_CONVERSION = YES;
				GCC_WARN_ABOUT_RETURN_TYPE = YES_ERROR;
				GCC_WARN_UNDECLARED_SELECTOR = YES;
				GCC_WARN_UNINITIALIZED_AUTOS = YES_AGGRESSIVE;
				GCC_WARN_UNUSED_FUNCTION = YES;
				GCC_WARN_UNUSED_VARIABLE = YES;
				IPHONEOS_DEPLOYMENT_TARGET = 15.0;
				MTL_ENABLE_DEBUG_INFO = INCLUDE_SOURCE;
				MTL_FAST_MATH = YES;
				ONLY_ACTIVE_ARCH = YES;
				SDKROOT = iphoneos;
				SWIFT_ACTIVE_COMPILATION_CONDITIONS = DEBUG;
				SWIFT_OPTIMIZATION_LEVEL = "-Onone";
			};
			name = Debug;
		};
		A56C7C962768FA0700374BFC /* Release */ = {
			isa = XCBuildConfiguration;
			buildSettings = {
				ALWAYS_SEARCH_USER_PATHS = NO;
				CLANG_ANALYZER_NONNULL = YES;
				CLANG_ANALYZER_NUMBER_OBJECT_CONVERSION = YES_AGGRESSIVE;
				CLANG_CXX_LANGUAGE_STANDARD = "gnu++17";
				CLANG_CXX_LIBRARY = "libc++";
				CLANG_ENABLE_MODULES = YES;
				CLANG_ENABLE_OBJC_ARC = YES;
				CLANG_ENABLE_OBJC_WEAK = YES;
				CLANG_WARN_BLOCK_CAPTURE_AUTORELEASING = YES;
				CLANG_WARN_BOOL_CONVERSION = YES;
				CLANG_WARN_COMMA = YES;
				CLANG_WARN_CONSTANT_CONVERSION = YES;
				CLANG_WARN_DEPRECATED_OBJC_IMPLEMENTATIONS = YES;
				CLANG_WARN_DIRECT_OBJC_ISA_USAGE = YES_ERROR;
				CLANG_WARN_DOCUMENTATION_COMMENTS = YES;
				CLANG_WARN_EMPTY_BODY = YES;
				CLANG_WARN_ENUM_CONVERSION = YES;
				CLANG_WARN_INFINITE_RECURSION = YES;
				CLANG_WARN_INT_CONVERSION = YES;
				CLANG_WARN_NON_LITERAL_NULL_CONVERSION = YES;
				CLANG_WARN_OBJC_IMPLICIT_RETAIN_SELF = YES;
				CLANG_WARN_OBJC_LITERAL_CONVERSION = YES;
				CLANG_WARN_OBJC_ROOT_CLASS = YES_ERROR;
				CLANG_WARN_QUOTED_INCLUDE_IN_FRAMEWORK_HEADER = YES;
				CLANG_WARN_RANGE_LOOP_ANALYSIS = YES;
				CLANG_WARN_STRICT_PROTOTYPES = YES;
				CLANG_WARN_SUSPICIOUS_MOVE = YES;
				CLANG_WARN_UNGUARDED_AVAILABILITY = YES_AGGRESSIVE;
				CLANG_WARN_UNREACHABLE_CODE = YES;
				CLANG_WARN__DUPLICATE_METHOD_MATCH = YES;
				COPY_PHASE_STRIP = NO;
				DEBUG_INFORMATION_FORMAT = "dwarf-with-dsym";
				ENABLE_NS_ASSERTIONS = NO;
				ENABLE_STRICT_OBJC_MSGSEND = YES;
				GCC_C_LANGUAGE_STANDARD = gnu11;
				GCC_NO_COMMON_BLOCKS = YES;
				GCC_WARN_64_TO_32_BIT_CONVERSION = YES;
				GCC_WARN_ABOUT_RETURN_TYPE = YES_ERROR;
				GCC_WARN_UNDECLARED_SELECTOR = YES;
				GCC_WARN_UNINITIALIZED_AUTOS = YES_AGGRESSIVE;
				GCC_WARN_UNUSED_FUNCTION = YES;
				GCC_WARN_UNUSED_VARIABLE = YES;
				IPHONEOS_DEPLOYMENT_TARGET = 15.0;
				MTL_ENABLE_DEBUG_INFO = NO;
				MTL_FAST_MATH = YES;
				SDKROOT = iphoneos;
				SWIFT_COMPILATION_MODE = wholemodule;
				SWIFT_OPTIMIZATION_LEVEL = "-O";
				VALIDATE_PRODUCT = YES;
			};
			name = Release;
		};
		A56C7C982768FA0700374BFC /* Debug */ = {
			isa = XCBuildConfiguration;
			buildSettings = {
				ASSETCATALOG_COMPILER_APPICON_NAME = AppIcon;
				ASSETCATALOG_COMPILER_GLOBAL_ACCENT_COLOR_NAME = AccentColor;
				CODE_SIGN_STYLE = Automatic;
				CURRENT_PROJECT_VERSION = 1;
				DEVELOPMENT_TEAM = Q8BJ8563H3;
				GENERATE_INFOPLIST_FILE = YES;
				INFOPLIST_FILE = VKMVVM/Info.plist;
				INFOPLIST_KEY_UIApplicationSupportsIndirectInputEvents = YES;
				INFOPLIST_KEY_UILaunchStoryboardName = LaunchScreen;
				INFOPLIST_KEY_UISupportedInterfaceOrientations_iPad = "UIInterfaceOrientationPortrait UIInterfaceOrientationPortraitUpsideDown UIInterfaceOrientationLandscapeLeft UIInterfaceOrientationLandscapeRight";
				INFOPLIST_KEY_UISupportedInterfaceOrientations_iPhone = "UIInterfaceOrientationPortrait UIInterfaceOrientationLandscapeLeft UIInterfaceOrientationLandscapeRight";
				LD_RUNPATH_SEARCH_PATHS = (
					"$(inherited)",
					"@executable_path/Frameworks",
				);
				MARKETING_VERSION = 1.0;
				PRODUCT_BUNDLE_IDENTIFIER = com.kochetkov.VKMVVM;
				PRODUCT_NAME = "$(TARGET_NAME)";
				SWIFT_EMIT_LOC_STRINGS = YES;
				SWIFT_VERSION = 5.0;
				TARGETED_DEVICE_FAMILY = "1,2";
			};
			name = Debug;
		};
		A56C7C992768FA0700374BFC /* Release */ = {
			isa = XCBuildConfiguration;
			buildSettings = {
				ASSETCATALOG_COMPILER_APPICON_NAME = AppIcon;
				ASSETCATALOG_COMPILER_GLOBAL_ACCENT_COLOR_NAME = AccentColor;
				CODE_SIGN_STYLE = Automatic;
				CURRENT_PROJECT_VERSION = 1;
				DEVELOPMENT_TEAM = Q8BJ8563H3;
				GENERATE_INFOPLIST_FILE = YES;
				INFOPLIST_FILE = VKMVVM/Info.plist;
				INFOPLIST_KEY_UIApplicationSupportsIndirectInputEvents = YES;
				INFOPLIST_KEY_UILaunchStoryboardName = LaunchScreen;
				INFOPLIST_KEY_UISupportedInterfaceOrientations_iPad = "UIInterfaceOrientationPortrait UIInterfaceOrientationPortraitUpsideDown UIInterfaceOrientationLandscapeLeft UIInterfaceOrientationLandscapeRight";
				INFOPLIST_KEY_UISupportedInterfaceOrientations_iPhone = "UIInterfaceOrientationPortrait UIInterfaceOrientationLandscapeLeft UIInterfaceOrientationLandscapeRight";
				LD_RUNPATH_SEARCH_PATHS = (
					"$(inherited)",
					"@executable_path/Frameworks",
				);
				MARKETING_VERSION = 1.0;
				PRODUCT_BUNDLE_IDENTIFIER = com.kochetkov.VKMVVM;
				PRODUCT_NAME = "$(TARGET_NAME)";
				SWIFT_EMIT_LOC_STRINGS = YES;
				SWIFT_VERSION = 5.0;
				TARGETED_DEVICE_FAMILY = "1,2";
			};
			name = Release;
		};
/* End XCBuildConfiguration section */

/* Begin XCConfigurationList section */
		A56C7C7E2768FA0500374BFC /* Build configuration list for PBXProject "VKMVVM" */ = {
			isa = XCConfigurationList;
			buildConfigurations = (
				A56C7C952768FA0700374BFC /* Debug */,
				A56C7C962768FA0700374BFC /* Release */,
			);
			defaultConfigurationIsVisible = 0;
			defaultConfigurationName = Release;
		};
		A56C7C972768FA0700374BFC /* Build configuration list for PBXNativeTarget "VKMVVM" */ = {
			isa = XCConfigurationList;
			buildConfigurations = (
				A56C7C982768FA0700374BFC /* Debug */,
				A56C7C992768FA0700374BFC /* Release */,
			);
			defaultConfigurationIsVisible = 0;
			defaultConfigurationName = Release;
		};
/* End XCConfigurationList section */
	};
	rootObject = A56C7C7B2768FA0500374BFC /* Project object */;
}
